// !$*UTF8*$!
{
	archiveVersion = 1;
	classes = {
	};
	objectVersion = 46;
	objects = {

/* Begin PBXBuildFile section */
		80FFE04719218B7C001B67FF /* Foundation.framework in Frameworks */ = {isa = PBXBuildFile; fileRef = 80FFE04619218B7C001B67FF /* Foundation.framework */; };
		80FFE04919218B7C001B67FF /* CoreGraphics.framework in Frameworks */ = {isa = PBXBuildFile; fileRef = 80FFE04819218B7C001B67FF /* CoreGraphics.framework */; };
		80FFE04B19218B7C001B67FF /* UIKit.framework in Frameworks */ = {isa = PBXBuildFile; fileRef = 80FFE04A19218B7C001B67FF /* UIKit.framework */; };
		80FFE05119218B7C001B67FF /* InfoPlist.strings in Resources */ = {isa = PBXBuildFile; fileRef = 80FFE04F19218B7C001B67FF /* InfoPlist.strings */; };
		80FFE05319218B7C001B67FF /* main.m in Sources */ = {isa = PBXBuildFile; fileRef = 80FFE05219218B7C001B67FF /* main.m */; };
		80FFE05719218B7C001B67FF /* SAAppDelegate.m in Sources */ = {isa = PBXBuildFile; fileRef = 80FFE05619218B7C001B67FF /* SAAppDelegate.m */; };
		80FFE05919218B7C001B67FF /* Images.xcassets in Resources */ = {isa = PBXBuildFile; fileRef = 80FFE05819218B7C001B67FF /* Images.xcassets */; };
		80FFE06019218B7C001B67FF /* XCTest.framework in Frameworks */ = {isa = PBXBuildFile; fileRef = 80FFE05F19218B7C001B67FF /* XCTest.framework */; };
		80FFE06119218B7C001B67FF /* Foundation.framework in Frameworks */ = {isa = PBXBuildFile; fileRef = 80FFE04619218B7C001B67FF /* Foundation.framework */; };
		80FFE06219218B7C001B67FF /* UIKit.framework in Frameworks */ = {isa = PBXBuildFile; fileRef = 80FFE04A19218B7C001B67FF /* UIKit.framework */; };
		80FFE06A19218B7C001B67FF /* InfoPlist.strings in Resources */ = {isa = PBXBuildFile; fileRef = 80FFE06819218B7C001B67FF /* InfoPlist.strings */; };
		80FFE06C19218B7C001B67FF /* SubmoduleAppTests.m in Sources */ = {isa = PBXBuildFile; fileRef = 80FFE06B19218B7C001B67FF /* SubmoduleAppTests.m */; };
/* End PBXBuildFile section */

/* Begin PBXContainerItemProxy section */
		80FFE06319218B7C001B67FF /* PBXContainerItemProxy */ = {
			isa = PBXContainerItemProxy;
			containerPortal = 80FFE03B19218B7C001B67FF /* Project object */;
			proxyType = 1;
			remoteGlobalIDString = 80FFE04219218B7C001B67FF;
			remoteInfo = SubmoduleApp;
		};
/* End PBXContainerItemProxy section */

/* Begin PBXFileReference section */
		80FFE04319218B7C001B67FF /* SubmoduleApp.app */ = {isa = PBXFileReference; explicitFileType = wrapper.application; includeInIndex = 0; path = SubmoduleApp.app; sourceTree = BUILT_PRODUCTS_DIR; };
		80FFE04619218B7C001B67FF /* Foundation.framework */ = {isa = PBXFileReference; lastKnownFileType = wrapper.framework; name = Foundation.framework; path = System/Library/Frameworks/Foundation.framework; sourceTree = SDKROOT; };
		80FFE04819218B7C001B67FF /* CoreGraphics.framework */ = {isa = PBXFileReference; lastKnownFileType = wrapper.framework; name = CoreGraphics.framework; path = System/Library/Frameworks/CoreGraphics.framework; sourceTree = SDKROOT; };
		80FFE04A19218B7C001B67FF /* UIKit.framework */ = {isa = PBXFileReference; lastKnownFileType = wrapper.framework; name = UIKit.framework; path = System/Library/Frameworks/UIKit.framework; sourceTree = SDKROOT; };
		80FFE04E19218B7C001B67FF /* SubmoduleApp-Info.plist */ = {isa = PBXFileReference; lastKnownFileType = text.plist.xml; path = "SubmoduleApp-Info.plist"; sourceTree = "<group>"; };
		80FFE05019218B7C001B67FF /* en */ = {isa = PBXFileReference; lastKnownFileType = text.plist.strings; name = en; path = en.lproj/InfoPlist.strings; sourceTree = "<group>"; };
		80FFE05219218B7C001B67FF /* main.m */ = {isa = PBXFileReference; lastKnownFileType = sourcecode.c.objc; path = main.m; sourceTree = "<group>"; };
		80FFE05419218B7C001B67FF /* SubmoduleApp-Prefix.pch */ = {isa = PBXFileReference; lastKnownFileType = sourcecode.c.h; path = "SubmoduleApp-Prefix.pch"; sourceTree = "<group>"; };
		80FFE05519218B7C001B67FF /* SAAppDelegate.h */ = {isa = PBXFileReference; lastKnownFileType = sourcecode.c.h; path = SAAppDelegate.h; sourceTree = "<group>"; };
		80FFE05619218B7C001B67FF /* SAAppDelegate.m */ = {isa = PBXFileReference; lastKnownFileType = sourcecode.c.objc; path = SAAppDelegate.m; sourceTree = "<group>"; };
		80FFE05819218B7C001B67FF /* Images.xcassets */ = {isa = PBXFileReference; lastKnownFileType = folder.assetcatalog; path = Images.xcassets; sourceTree = "<group>"; };
		80FFE05E19218B7C001B67FF /* SubmoduleAppTests.xctest */ = {isa = PBXFileReference; explicitFileType = wrapper.cfbundle; includeInIndex = 0; path = SubmoduleAppTests.xctest; sourceTree = BUILT_PRODUCTS_DIR; };
		80FFE05F19218B7C001B67FF /* XCTest.framework */ = {isa = PBXFileReference; lastKnownFileType = wrapper.framework; name = XCTest.framework; path = Library/Frameworks/XCTest.framework; sourceTree = DEVELOPER_DIR; };
		80FFE06719218B7C001B67FF /* SubmoduleAppTests-Info.plist */ = {isa = PBXFileReference; lastKnownFileType = text.plist.xml; path = "SubmoduleAppTests-Info.plist"; sourceTree = "<group>"; };
		80FFE06919218B7C001B67FF /* en */ = {isa = PBXFileReference; lastKnownFileType = text.plist.strings; name = en; path = en.lproj/InfoPlist.strings; sourceTree = "<group>"; };
		80FFE06B19218B7C001B67FF /* SubmoduleAppTests.m */ = {isa = PBXFileReference; lastKnownFileType = sourcecode.c.objc; path = SubmoduleAppTests.m; sourceTree = "<group>"; };
/* End PBXFileReference section */

/* Begin PBXFrameworksBuildPhase section */
		80FFE04019218B7C001B67FF /* Frameworks */ = {
			isa = PBXFrameworksBuildPhase;
			buildActionMask = 2147483647;
			files = (
				80FFE04919218B7C001B67FF /* CoreGraphics.framework in Frameworks */,
				80FFE04B19218B7C001B67FF /* UIKit.framework in Frameworks */,
				80FFE04719218B7C001B67FF /* Foundation.framework in Frameworks */,
			);
			runOnlyForDeploymentPostprocessing = 0;
		};
		80FFE05B19218B7C001B67FF /* Frameworks */ = {
			isa = PBXFrameworksBuildPhase;
			buildActionMask = 2147483647;
			files = (
				80FFE06019218B7C001B67FF /* XCTest.framework in Frameworks */,
				80FFE06219218B7C001B67FF /* UIKit.framework in Frameworks */,
				80FFE06119218B7C001B67FF /* Foundation.framework in Frameworks */,
			);
			runOnlyForDeploymentPostprocessing = 0;
		};
/* End PBXFrameworksBuildPhase section */

/* Begin PBXGroup section */
		80FFE03A19218B7C001B67FF = {
			isa = PBXGroup;
			children = (
				80FFE04C19218B7C001B67FF /* SubmoduleApp */,
				80FFE06519218B7C001B67FF /* SubmoduleAppTests */,
				80FFE04519218B7C001B67FF /* Frameworks */,
				80FFE04419218B7C001B67FF /* Products */,
			);
			sourceTree = "<group>";
		};
		80FFE04419218B7C001B67FF /* Products */ = {
			isa = PBXGroup;
			children = (
				80FFE04319218B7C001B67FF /* SubmoduleApp.app */,
				80FFE05E19218B7C001B67FF /* SubmoduleAppTests.xctest */,
			);
			name = Products;
			sourceTree = "<group>";
		};
		80FFE04519218B7C001B67FF /* Frameworks */ = {
			isa = PBXGroup;
			children = (
				80FFE04619218B7C001B67FF /* Foundation.framework */,
				80FFE04819218B7C001B67FF /* CoreGraphics.framework */,
				80FFE04A19218B7C001B67FF /* UIKit.framework */,
				80FFE05F19218B7C001B67FF /* XCTest.framework */,
			);
			name = Frameworks;
			sourceTree = "<group>";
		};
		80FFE04C19218B7C001B67FF /* SubmoduleApp */ = {
			isa = PBXGroup;
			children = (
				80FFE05519218B7C001B67FF /* SAAppDelegate.h */,
				80FFE05619218B7C001B67FF /* SAAppDelegate.m */,
				80FFE05819218B7C001B67FF /* Images.xcassets */,
				80FFE04D19218B7C001B67FF /* Supporting Files */,
			);
			path = SubmoduleApp;
			sourceTree = "<group>";
		};
		80FFE04D19218B7C001B67FF /* Supporting Files */ = {
			isa = PBXGroup;
			children = (
				80FFE04E19218B7C001B67FF /* SubmoduleApp-Info.plist */,
				80FFE04F19218B7C001B67FF /* InfoPlist.strings */,
				80FFE05219218B7C001B67FF /* main.m */,
				80FFE05419218B7C001B67FF /* SubmoduleApp-Prefix.pch */,
			);
			name = "Supporting Files";
			sourceTree = "<group>";
		};
		80FFE06519218B7C001B67FF /* SubmoduleAppTests */ = {
			isa = PBXGroup;
			children = (
				80FFE06B19218B7C001B67FF /* SubmoduleAppTests.m */,
				80FFE06619218B7C001B67FF /* Supporting Files */,
			);
			path = SubmoduleAppTests;
			sourceTree = "<group>";
		};
		80FFE06619218B7C001B67FF /* Supporting Files */ = {
			isa = PBXGroup;
			children = (
				80FFE06719218B7C001B67FF /* SubmoduleAppTests-Info.plist */,
				80FFE06819218B7C001B67FF /* InfoPlist.strings */,
			);
			name = "Supporting Files";
			sourceTree = "<group>";
		};
/* End PBXGroup section */

/* Begin PBXNativeTarget section */
		80FFE04219218B7C001B67FF /* SubmoduleApp */ = {
			isa = PBXNativeTarget;
			buildConfigurationList = 80FFE06F19218B7C001B67FF /* Build configuration list for PBXNativeTarget "SubmoduleApp" */;
			buildPhases = (
				80FFE03F19218B7C001B67FF /* Sources */,
				80FFE04019218B7C001B67FF /* Frameworks */,
				80FFE04119218B7C001B67FF /* Resources */,
			);
			buildRules = (
			);
			dependencies = (
			);
			name = SubmoduleApp;
			productName = SubmoduleApp;
			productReference = 80FFE04319218B7C001B67FF /* SubmoduleApp.app */;
			productType = "com.apple.product-type.application";
		};
		80FFE05D19218B7C001B67FF /* SubmoduleAppTests */ = {
			isa = PBXNativeTarget;
			buildConfigurationList = 80FFE07219218B7C001B67FF /* Build configuration list for PBXNativeTarget "SubmoduleAppTests" */;
			buildPhases = (
				80FFE05A19218B7C001B67FF /* Sources */,
				80FFE05B19218B7C001B67FF /* Frameworks */,
				80FFE05C19218B7C001B67FF /* Resources */,
			);
			buildRules = (
			);
			dependencies = (
				80FFE06419218B7C001B67FF /* PBXTargetDependency */,
			);
			name = SubmoduleAppTests;
			productName = SubmoduleAppTests;
			productReference = 80FFE05E19218B7C001B67FF /* SubmoduleAppTests.xctest */;
			productType = "com.apple.product-type.bundle.unit-test";
		};
/* End PBXNativeTarget section */

/* Begin PBXProject section */
		80FFE03B19218B7C001B67FF /* Project object */ = {
			isa = PBXProject;
			attributes = {
				CLASSPREFIX = SA;
				LastUpgradeCheck = 0510;
				ORGANIZATIONNAME = "Utah Street Labs, Inc.";
				TargetAttributes = {
					80FFE05D19218B7C001B67FF = {
						TestTargetID = 80FFE04219218B7C001B67FF;
					};
				};
			};
			buildConfigurationList = 80FFE03E19218B7C001B67FF /* Build configuration list for PBXProject "SubmoduleApp" */;
			compatibilityVersion = "Xcode 3.2";
			developmentRegion = English;
			hasScannedForEncodings = 0;
			knownRegions = (
				en,
			);
			mainGroup = 80FFE03A19218B7C001B67FF;
			productRefGroup = 80FFE04419218B7C001B67FF /* Products */;
			projectDirPath = "";
			projectRoot = "";
			targets = (
				80FFE04219218B7C001B67FF /* SubmoduleApp */,
				80FFE05D19218B7C001B67FF /* SubmoduleAppTests */,
			);
		};
/* End PBXProject section */

/* Begin PBXResourcesBuildPhase section */
		80FFE04119218B7C001B67FF /* Resources */ = {
			isa = PBXResourcesBuildPhase;
			buildActionMask = 2147483647;
			files = (
				80FFE05119218B7C001B67FF /* InfoPlist.strings in Resources */,
				80FFE05919218B7C001B67FF /* Images.xcassets in Resources */,
			);
			runOnlyForDeploymentPostprocessing = 0;
		};
		80FFE05C19218B7C001B67FF /* Resources */ = {
			isa = PBXResourcesBuildPhase;
			buildActionMask = 2147483647;
			files = (
				80FFE06A19218B7C001B67FF /* InfoPlist.strings in Resources */,
			);
			runOnlyForDeploymentPostprocessing = 0;
		};
/* End PBXResourcesBuildPhase section */

/* Begin PBXSourcesBuildPhase section */
		80FFE03F19218B7C001B67FF /* Sources */ = {
			isa = PBXSourcesBuildPhase;
			buildActionMask = 2147483647;
			files = (
				80FFE05719218B7C001B67FF /* SAAppDelegate.m in Sources */,
				80FFE05319218B7C001B67FF /* main.m in Sources */,
			);
			runOnlyForDeploymentPostprocessing = 0;
		};
		80FFE05A19218B7C001B67FF /* Sources */ = {
			isa = PBXSourcesBuildPhase;
			buildActionMask = 2147483647;
			files = (
				80FFE06C19218B7C001B67FF /* SubmoduleAppTests.m in Sources */,
			);
			runOnlyForDeploymentPostprocessing = 0;
		};
/* End PBXSourcesBuildPhase section */

/* Begin PBXTargetDependency section */
		80FFE06419218B7C001B67FF /* PBXTargetDependency */ = {
			isa = PBXTargetDependency;
			target = 80FFE04219218B7C001B67FF /* SubmoduleApp */;
			targetProxy = 80FFE06319218B7C001B67FF /* PBXContainerItemProxy */;
		};
/* End PBXTargetDependency section */

/* Begin PBXVariantGroup section */
		80FFE04F19218B7C001B67FF /* InfoPlist.strings */ = {
			isa = PBXVariantGroup;
			children = (
				80FFE05019218B7C001B67FF /* en */,
			);
			name = InfoPlist.strings;
			sourceTree = "<group>";
		};
		80FFE06819218B7C001B67FF /* InfoPlist.strings */ = {
			isa = PBXVariantGroup;
			children = (
				80FFE06919218B7C001B67FF /* en */,
			);
			name = InfoPlist.strings;
			sourceTree = "<group>";
		};
/* End PBXVariantGroup section */

/* Begin XCBuildConfiguration section */
		80FFE06D19218B7C001B67FF /* Debug */ = {
			isa = XCBuildConfiguration;
			buildSettings = {
				ALWAYS_SEARCH_USER_PATHS = NO;
				CLANG_CXX_LANGUAGE_STANDARD = "gnu++0x";
				CLANG_CXX_LIBRARY = "libc++";
				CLANG_ENABLE_MODULES = YES;
				CLANG_ENABLE_OBJC_ARC = YES;
				CLANG_WARN_BOOL_CONVERSION = YES;
				CLANG_WARN_CONSTANT_CONVERSION = YES;
				CLANG_WARN_DIRECT_OBJC_ISA_USAGE = YES_ERROR;
				CLANG_WARN_EMPTY_BODY = YES;
				CLANG_WARN_ENUM_CONVERSION = YES;
				CLANG_WARN_INT_CONVERSION = YES;
				CLANG_WARN_OBJC_ROOT_CLASS = YES_ERROR;
				CLANG_WARN__DUPLICATE_METHOD_MATCH = YES;
				"CODE_SIGN_IDENTITY[sdk=iphoneos*]" = "iPhone Developer";
				COPY_PHASE_STRIP = NO;
				GCC_C_LANGUAGE_STANDARD = gnu99;
				GCC_DYNAMIC_NO_PIC = NO;
				GCC_OPTIMIZATION_LEVEL = 0;
				GCC_PREPROCESSOR_DEFINITIONS = (
					"DEBUG=1",
					"$(inherited)",
				);
				GCC_SYMBOLS_PRIVATE_EXTERN = NO;
				GCC_WARN_64_TO_32_BIT_CONVERSION = YES;
				GCC_WARN_ABOUT_RETURN_TYPE = YES_ERROR;
				GCC_WARN_UNDECLARED_SELECTOR = YES;
				GCC_WARN_UNINITIALIZED_AUTOS = YES_AGGRESSIVE;
				GCC_WARN_UNUSED_FUNCTION = YES;
				GCC_WARN_UNUSED_VARIABLE = YES;
				IPHONEOS_DEPLOYMENT_TARGET = 7.1;
				ONLY_ACTIVE_ARCH = YES;
				SDKROOT = iphoneos7.1;
			};
			name = Debug;
		};
		80FFE06E19218B7C001B67FF /* Release */ = {
			isa = XCBuildConfiguration;
			buildSettings = {
				ALWAYS_SEARCH_USER_PATHS = NO;
				CLANG_CXX_LANGUAGE_STANDARD = "gnu++0x";
				CLANG_CXX_LIBRARY = "libc++";
				CLANG_ENABLE_MODULES = YES;
				CLANG_ENABLE_OBJC_ARC = YES;
				CLANG_WARN_BOOL_CONVERSION = YES;
				CLANG_WARN_CONSTANT_CONVERSION = YES;
				CLANG_WARN_DIRECT_OBJC_ISA_USAGE = YES_ERROR;
				CLANG_WARN_EMPTY_BODY = YES;
				CLANG_WARN_ENUM_CONVERSION = YES;
				CLANG_WARN_INT_CONVERSION = YES;
				CLANG_WARN_OBJC_ROOT_CLASS = YES_ERROR;
				CLANG_WARN__DUPLICATE_METHOD_MATCH = YES;
				"CODE_SIGN_IDENTITY[sdk=iphoneos*]" = "iPhone Developer";
				COPY_PHASE_STRIP = YES;
				ENABLE_NS_ASSERTIONS = NO;
				GCC_C_LANGUAGE_STANDARD = gnu99;
				GCC_WARN_64_TO_32_BIT_CONVERSION = YES;
				GCC_WARN_ABOUT_RETURN_TYPE = YES_ERROR;
				GCC_WARN_UNDECLARED_SELECTOR = YES;
				GCC_WARN_UNINITIALIZED_AUTOS = YES_AGGRESSIVE;
				GCC_WARN_UNUSED_FUNCTION = YES;
				GCC_WARN_UNUSED_VARIABLE = YES;
				IPHONEOS_DEPLOYMENT_TARGET = 7.1;
				SDKROOT = iphoneos7.1;
				VALIDATE_PRODUCT = YES;
			};
			name = Release;
		};
		80FFE07019218B7C001B67FF /* Debug */ = {
			isa = XCBuildConfiguration;
			buildSettings = {
				ASSETCATALOG_COMPILER_APPICON_NAME = AppIcon;
				ASSETCATALOG_COMPILER_LAUNCHIMAGE_NAME = LaunchImage;
				GCC_PRECOMPILE_PREFIX_HEADER = YES;
				GCC_PREFIX_HEADER = "SubmoduleApp/SubmoduleApp-Prefix.pch";
				INFOPLIST_FILE = "SubmoduleApp/SubmoduleApp-Info.plist";
				IPHONEOS_DEPLOYMENT_TARGET = 7.1;
				PRODUCT_NAME = "$(TARGET_NAME)";
				WRAPPER_EXTENSION = app;
			};
			name = Debug;
		};
		80FFE07119218B7C001B67FF /* Release */ = {
			isa = XCBuildConfiguration;
			buildSettings = {
				ASSETCATALOG_COMPILER_APPICON_NAME = AppIcon;
				ASSETCATALOG_COMPILER_LAUNCHIMAGE_NAME = LaunchImage;
				GCC_PRECOMPILE_PREFIX_HEADER = YES;
				GCC_PREFIX_HEADER = "SubmoduleApp/SubmoduleApp-Prefix.pch";
				INFOPLIST_FILE = "SubmoduleApp/SubmoduleApp-Info.plist";
				IPHONEOS_DEPLOYMENT_TARGET = 7.1;
				PRODUCT_NAME = "$(TARGET_NAME)";
				WRAPPER_EXTENSION = app;
			};
			name = Release;
		};
		80FFE07319218B7C001B67FF /* Debug */ = {
			isa = XCBuildConfiguration;
			buildSettings = {
				BUNDLE_LOADER = "$(BUILT_PRODUCTS_DIR)/SubmoduleApp.app/SubmoduleApp";
				FRAMEWORK_SEARCH_PATHS = (
					"$(SDKROOT)/Developer/Library/Frameworks",
					"$(inherited)",
					"$(DEVELOPER_FRAMEWORKS_DIR)",
				);
				GCC_PRECOMPILE_PREFIX_HEADER = YES;
				GCC_PREFIX_HEADER = "SubmoduleApp/SubmoduleApp-Prefix.pch";
				GCC_PREPROCESSOR_DEFINITIONS = (
					"DEBUG=1",
					"$(inherited)",
				);
				INFOPLIST_FILE = "SubmoduleAppTests/SubmoduleAppTests-Info.plist";
				PRODUCT_NAME = "$(TARGET_NAME)";
				TEST_HOST = "$(BUNDLE_LOADER)";
				WRAPPER_EXTENSION = xctest;
			};
			name = Debug;
		};
		80FFE07419218B7C001B67FF /* Release */ = {
			isa = XCBuildConfiguration;
			buildSettings = {
				BUNDLE_LOADER = "$(BUILT_PRODUCTS_DIR)/SubmoduleApp.app/SubmoduleApp";
				FRAMEWORK_SEARCH_PATHS = (
					"$(SDKROOT)/Developer/Library/Frameworks",
					"$(inherited)",
					"$(DEVELOPER_FRAMEWORKS_DIR)",
				);
				GCC_PRECOMPILE_PREFIX_HEADER = YES;
				GCC_PREFIX_HEADER = "SubmoduleApp/SubmoduleApp-Prefix.pch";
				INFOPLIST_FILE = "SubmoduleAppTests/SubmoduleAppTests-Info.plist";
				PRODUCT_NAME = "$(TARGET_NAME)";
				TEST_HOST = "$(BUNDLE_LOADER)";
				WRAPPER_EXTENSION = xctest;
			};
			name = Release;
		};
/* End XCBuildConfiguration section */

/* Begin XCConfigurationList section */
		80FFE03E19218B7C001B67FF /* Build configuration list for PBXProject "SubmoduleApp" */ = {
			isa = XCConfigurationList;
			buildConfigurations = (
				80FFE06D19218B7C001B67FF /* Debug */,
				80FFE06E19218B7C001B67FF /* Release */,
			);
			defaultConfigurationIsVisible = 0;
			defaultConfigurationName = Release;
		};
		80FFE06F19218B7C001B67FF /* Build configuration list for PBXNativeTarget "SubmoduleApp" */ = {
			isa = XCConfigurationList;
			buildConfigurations = (
				80FFE07019218B7C001B67FF /* Debug */,
				80FFE07119218B7C001B67FF /* Release */,
			);
			defaultConfigurationIsVisible = 0;
			defaultConfigurationName = Release;
		};
		80FFE07219218B7C001B67FF /* Build configuration list for PBXNativeTarget "SubmoduleAppTests" */ = {
			isa = XCConfigurationList;
			buildConfigurations = (
				80FFE07319218B7C001B67FF /* Debug */,
				80FFE07419218B7C001B67FF /* Release */,
			);
			defaultConfigurationIsVisible = 0;
			defaultConfigurationName = Release;
		};
/* End XCConfigurationList section */
	};
	rootObject = 80FFE03B19218B7C001B67FF /* Project object */;
}
